github.com/ncw/swift v1.0.49 h1:eQaKIjSt/PXLKfYgzg01nevmO+CMXfXGRhB1gOhDs7E=
github.com/ncw/swift v1.0.49/go.mod h1:23YIA4yWVnGwv2dQlN4bB7egfYX6YLn0Yo/S6zZO/ZM=
github.com/ncw/swift/v2 v2.0.1 h1:q1IN8hNViXEv8Zvg3Xdis4a3c4IlIGezkYz09zQL5J0=
github.com/ncw/swift/v2 v2.0.1/go.mod h1:z0A9RVdYPjNjXVo2pDOPxZ4eu3oarO1P91fTItcb+Kg=
github.com/pkg/errors v0.9.1 h1:FEBLx1zS214owpjy7qsBeixbURkuhQAwrK5UwLGTwt4=
github.com/pkg/errors v0.9.1/go.mod h1:bwawxfHBFNV+L2hUp1rHADufV3IMtnDRdf1r5NINEl0=
